// !$*UTF8*$!
{
	archiveVersion = 1;
	classes = {
	};
	objectVersion = 50;
	objects = {

/* Begin PBXBuildFile section */
		8D31141221E5106100F34282 /* AppDelegate.swift in Sources */ = {isa = PBXBuildFile; fileRef = 8D31141121E5106100F34282 /* AppDelegate.swift */; };
		8D31141421E5106100F34282 /* ViewController.swift in Sources */ = {isa = PBXBuildFile; fileRef = 8D31141321E5106100F34282 /* ViewController.swift */; };
		8D31141721E5106100F34282 /* Main.storyboard in Resources */ = {isa = PBXBuildFile; fileRef = 8D31141521E5106100F34282 /* Main.storyboard */; };
		8D31141921E5106100F34282 /* Assets.xcassets in Resources */ = {isa = PBXBuildFile; fileRef = 8D31141821E5106100F34282 /* Assets.xcassets */; };
		8D31141C21E5106100F34282 /* LaunchScreen.storyboard in Resources */ = {isa = PBXBuildFile; fileRef = 8D31141A21E5106100F34282 /* LaunchScreen.storyboard */; };
		8D31142521E51A9600F34282 /* AudioToolbox.framework in Frameworks */ = {isa = PBXBuildFile; fileRef = 8D31142421E51A9600F34282 /* AudioToolbox.framework */; settings = {ATTRIBUTES = (Required, ); }; };
		8D8727C321E67DB70049E699 /* Sonidos.swift in Sources */ = {isa = PBXBuildFile; fileRef = 8D8727C221E67DB70049E699 /* Sonidos.swift */; };
		8D8727C721E689260049E699 /* Grua.mp3 in Resources */ = {isa = PBXBuildFile; fileRef = 8D8727C421E689260049E699 /* Grua.mp3 */; };
		8D8727C821E689260049E699 /* Gruaaa.mp3 in Resources */ = {isa = PBXBuildFile; fileRef = 8D8727C521E689260049E699 /* Gruaaa.mp3 */; };
		8D8727C921E689260049E699 /* jijiji.mp3 in Resources */ = {isa = PBXBuildFile; fileRef = 8D8727C621E689260049E699 /* jijiji.mp3 */; };
/* End PBXBuildFile section */

/* Begin PBXFileReference section */
		8D31140E21E5106100F34282 /* Sonidos.app */ = {isa = PBXFileReference; explicitFileType = wrapper.application; includeInIndex = 0; path = Sonidos.app; sourceTree = BUILT_PRODUCTS_DIR; };
		8D31141121E5106100F34282 /* AppDelegate.swift */ = {isa = PBXFileReference; lastKnownFileType = sourcecode.swift; path = AppDelegate.swift; sourceTree = "<group>"; };
		8D31141321E5106100F34282 /* ViewController.swift */ = {isa = PBXFileReference; lastKnownFileType = sourcecode.swift; path = ViewController.swift; sourceTree = "<group>"; };
		8D31141621E5106100F34282 /* Base */ = {isa = PBXFileReference; lastKnownFileType = file.storyboard; name = Base; path = Base.lproj/Main.storyboard; sourceTree = "<group>"; };
		8D31141821E5106100F34282 /* Assets.xcassets */ = {isa = PBXFileReference; lastKnownFileType = folder.assetcatalog; path = Assets.xcassets; sourceTree = "<group>"; };
		8D31141B21E5106100F34282 /* Base */ = {isa = PBXFileReference; lastKnownFileType = file.storyboard; name = Base; path = Base.lproj/LaunchScreen.storyboard; sourceTree = "<group>"; };
		8D31141D21E5106100F34282 /* Info.plist */ = {isa = PBXFileReference; lastKnownFileType = text.plist.xml; path = Info.plist; sourceTree = "<group>"; };
		8D31142421E51A9600F34282 /* AudioToolbox.framework */ = {isa = PBXFileReference; lastKnownFileType = wrapper.framework; name = AudioToolbox.framework; path = System/Library/Frameworks/AudioToolbox.framework; sourceTree = SDKROOT; };
		8D8727C221E67DB70049E699 /* Sonidos.swift */ = {isa = PBXFileReference; lastKnownFileType = sourcecode.swift; path = Sonidos.swift; sourceTree = "<group>"; };
		8D8727C421E689260049E699 /* Grua.mp3 */ = {isa = PBXFileReference; lastKnownFileType = audio.mp3; path = Grua.mp3; sourceTree = "<group>"; };
		8D8727C521E689260049E699 /* Gruaaa.mp3 */ = {isa = PBXFileReference; lastKnownFileType = audio.mp3; path = Gruaaa.mp3; sourceTree = "<group>"; };
		8D8727C621E689260049E699 /* jijiji.mp3 */ = {isa = PBXFileReference; lastKnownFileType = audio.mp3; path = jijiji.mp3; sourceTree = "<group>"; };
/* End PBXFileReference section */

/* Begin PBXFrameworksBuildPhase section */
		8D31140B21E5106100F34282 /* Frameworks */ = {
			isa = PBXFrameworksBuildPhase;
			buildActionMask = 2147483647;
			files = (
				8D31142521E51A9600F34282 /* AudioToolbox.framework in Frameworks */,
			);
			runOnlyForDeploymentPostprocessing = 0;
		};
/* End PBXFrameworksBuildPhase section */

/* Begin PBXGroup section */
		8D31140521E5106100F34282 = {
			isa = PBXGroup;
			children = (
				8D31141021E5106100F34282 /* Sonidos */,
				8D31140F21E5106100F34282 /* Products */,
				8D31142321E51A9600F34282 /* Frameworks */,
			);
			sourceTree = "<group>";
		};
		8D31140F21E5106100F34282 /* Products */ = {
			isa = PBXGroup;
			children = (
				8D31140E21E5106100F34282 /* Sonidos.app */,
			);
			name = Products;
			sourceTree = "<group>";
		};
		8D31141021E5106100F34282 /* Sonidos */ = {
			isa = PBXGroup;
			children = (
				8D31141121E5106100F34282 /* AppDelegate.swift */,
				8D31141321E5106100F34282 /* ViewController.swift */,
				8D31141521E5106100F34282 /* Main.storyboard */,
				8D31141821E5106100F34282 /* Assets.xcassets */,
				8D31141A21E5106100F34282 /* LaunchScreen.storyboard */,
				8D31141D21E5106100F34282 /* Info.plist */,
				8D8727C221E67DB70049E699 /* Sonidos.swift */,
				8D8727C421E689260049E699 /* Grua.mp3 */,
				8D8727C521E689260049E699 /* Gruaaa.mp3 */,
				8D8727C621E689260049E699 /* jijiji.mp3 */,
			);
			path = Sonidos;
			sourceTree = "<group>";
		};
		8D31142321E51A9600F34282 /* Frameworks */ = {
			isa = PBXGroup;
			children = (
				8D31142421E51A9600F34282 /* AudioToolbox.framework */,
			);
			name = Frameworks;
			sourceTree = "<group>";
		};
/* End PBXGroup section */

/* Begin PBXNativeTarget section */
		8D31140D21E5106100F34282 /* Sonidos */ = {
			isa = PBXNativeTarget;
			buildConfigurationList = 8D31142021E5106100F34282 /* Build configuration list for PBXNativeTarget "Sonidos" */;
			buildPhases = (
				8D31140A21E5106100F34282 /* Sources */,
				8D31140B21E5106100F34282 /* Frameworks */,
				8D31140C21E5106100F34282 /* Resources */,
			);
			buildRules = (
			);
			dependencies = (
			);
			name = Sonidos;
			productName = Sonidos;
			productReference = 8D31140E21E5106100F34282 /* Sonidos.app */;
			productType = "com.apple.product-type.application";
		};
/* End PBXNativeTarget section */

/* Begin PBXProject section */
		8D31140621E5106100F34282 /* Project object */ = {
			isa = PBXProject;
			attributes = {
				LastSwiftUpdateCheck = 1000;
				LastUpgradeCheck = 1000;
				ORGANIZATIONNAME = "Memo Figueredo";
				TargetAttributes = {
					8D31140D21E5106100F34282 = {
						CreatedOnToolsVersion = 10.0;
					};
				};
			};
			buildConfigurationList = 8D31140921E5106100F34282 /* Build configuration list for PBXProject "Sonidos" */;
			compatibilityVersion = "Xcode 9.3";
			developmentRegion = en;
			hasScannedForEncodings = 0;
			knownRegions = (
				en,
				Base,
			);
			mainGroup = 8D31140521E5106100F34282;
			productRefGroup = 8D31140F21E5106100F34282 /* Products */;
			projectDirPath = "";
			projectRoot = "";
			targets = (
				8D31140D21E5106100F34282 /* Sonidos */,
			);
		};
/* End PBXProject section */

/* Begin PBXResourcesBuildPhase section */
		8D31140C21E5106100F34282 /* Resources */ = {
			isa = PBXResourcesBuildPhase;
			buildActionMask = 2147483647;
			files = (
				8D31141C21E5106100F34282 /* LaunchScreen.storyboard in Resources */,
				8D8727C721E689260049E699 /* Grua.mp3 in Resources */,
				8D8727C821E689260049E699 /* Gruaaa.mp3 in Resources */,
				8D8727C921E689260049E699 /* jijiji.mp3 in Resources */,
				8D31141921E5106100F34282 /* Assets.xcassets in Resources */,
				8D31141721E5106100F34282 /* Main.storyboard in Resources */,
			);
			runOnlyForDeploymentPostprocessing = 0;
		};
/* End PBXResourcesBuildPhase section */

/* Begin PBXSourcesBuildPhase section */
		8D31140A21E5106100F34282 /* Sources */ = {
			isa = PBXSourcesBuildPhase;
			buildActionMask = 2147483647;
			files = (
				8D8727C321E67DB70049E699 /* Sonidos.swift in Sources */,
				8D31141421E5106100F34282 /* ViewController.swift in Sources */,
				8D31141221E5106100F34282 /* AppDelegate.swift in Sources */,
			);
			runOnlyForDeploymentPostprocessing = 0;
		};
/* End PBXSourcesBuildPhase section */

/* Begin PBXVariantGroup section */
		8D31141521E5106100F34282 /* Main.storyboard */ = {
			isa = PBXVariantGroup;
			children = (
				8D31141621E5106100F34282 /* Base */,
			);
			name = Main.storyboard;
			sourceTree = "<group>";
		};
		8D31141A21E5106100F34282 /* LaunchScreen.storyboard */ = {
			isa = PBXVariantGroup;
			children = (
				8D31141B21E5106100F34282 /* Base */,
			);
			name = LaunchScreen.storyboard;
			sourceTree = "<group>";
		};
/* End PBXVariantGroup section */

/* Begin XCBuildConfiguration section */
		8D31141E21E5106100F34282 /* Debug */ = {
			isa = XCBuildConfiguration;
			buildSettings = {
				ALWAYS_SEARCH_USER_PATHS = NO;
				CLANG_ANALYZER_NONNULL = YES;
				CLANG_ANALYZER_NUMBER_OBJECT_CONVERSION = YES_AGGRESSIVE;
				CLANG_CXX_LANGUAGE_STANDARD = "gnu++14";
				CLANG_CXX_LIBRARY = "libc++";
				CLANG_ENABLE_MODULES = YES;
				CLANG_ENABLE_OBJC_ARC = YES;
				CLANG_ENABLE_OBJC_WEAK = YES;
				CLANG_WARN_BLOCK_CAPTURE_AUTORELEASING = YES;
				CLANG_WARN_BOOL_CONVERSION = YES;
				CLANG_WARN_COMMA = YES;
				CLANG_WARN_CONSTANT_CONVERSION = YES;
				CLANG_WARN_DEPRECATED_OBJC_IMPLEMENTATIONS = YES;
				CLANG_WARN_DIRECT_OBJC_ISA_USAGE = YES_ERROR;
				CLANG_WARN_DOCUMENTATION_COMMENTS = YES;
				CLANG_WARN_EMPTY_BODY = YES;
				CLANG_WARN_ENUM_CONVERSION = YES;
				CLANG_WARN_INFINITE_RECURSION = YES;
				CLANG_WARN_INT_CONVERSION = YES;
				CLANG_WARN_NON_LITERAL_NULL_CONVERSION = YES;
				CLANG_WARN_OBJC_IMPLICIT_RETAIN_SELF = YES;
				CLANG_WARN_OBJC_LITERAL_CONVERSION = YES;
				CLANG_WARN_OBJC_ROOT_CLASS = YES_ERROR;
				CLANG_WARN_RANGE_LOOP_ANALYSIS = YES;
				CLANG_WARN_STRICT_PROTOTYPES = YES;
				CLANG_WARN_SUSPICIOUS_MOVE = YES;
				CLANG_WARN_UNGUARDED_AVAILABILITY = YES_AGGRESSIVE;
				CLANG_WARN_UNREACHABLE_CODE = YES;
				CLANG_WARN__DUPLICATE_METHOD_MATCH = YES;
				CODE_SIGN_IDENTITY = "iPhone Developer";
				COPY_PHASE_STRIP = NO;
				DEBUG_INFORMATION_FORMAT = dwarf;
				ENABLE_STRICT_OBJC_MSGSEND = YES;
				ENABLE_TESTABILITY = YES;
				GCC_C_LANGUAGE_STANDARD = gnu11;
				GCC_DYNAMIC_NO_PIC = NO;
				GCC_NO_COMMON_BLOCKS = YES;
				GCC_OPTIMIZATION_LEVEL = 0;
				GCC_PREPROCESSOR_DEFINITIONS = (
					"DEBUG=1",
					"$(inherited)",
				);
				GCC_WARN_64_TO_32_BIT_CONVERSION = YES;
				GCC_WARN_ABOUT_RETURN_TYPE = YES_ERROR;
				GCC_WARN_UNDECLARED_SELECTOR = YES;
				GCC_WARN_UNINITIALIZED_AUTOS = YES_AGGRESSIVE;
				GCC_WARN_UNUSED_FUNCTION = YES;
				GCC_WARN_UNUSED_VARIABLE = YES;
				IPHONEOS_DEPLOYMENT_TARGET = 12.0;
				MTL_ENABLE_DEBUG_INFO = INCLUDE_SOURCE;
				MTL_FAST_MATH = YES;
				ONLY_ACTIVE_ARCH = YES;
				SDKROOT = iphoneos;
				SWIFT_ACTIVE_COMPILATION_CONDITIONS = DEBUG;
				SWIFT_OPTIMIZATION_LEVEL = "-Onone";
			};
			name = Debug;
		};
		8D31141F21E5106100F34282 /* Release */ = {
			isa = XCBuildConfiguration;
			buildSettings = {
				ALWAYS_SEARCH_USER_PATHS = NO;
				CLANG_ANALYZER_NONNULL = YES;
				CLANG_ANALYZER_NUMBER_OBJECT_CONVERSION = YES_AGGRESSIVE;
				CLANG_CXX_LANGUAGE_STANDARD = "gnu++14";
				CLANG_CXX_LIBRARY = "libc++";
				CLANG_ENABLE_MODULES = YES;
				CLANG_ENABLE_OBJC_ARC = YES;
				CLANG_ENABLE_OBJC_WEAK = YES;
				CLANG_WARN_BLOCK_CAPTURE_AUTORELEASING = YES;
				CLANG_WARN_BOOL_CONVERSION = YES;
				CLANG_WARN_COMMA = YES;
				CLANG_WARN_CONSTANT_CONVERSION = YES;
				CLANG_WARN_DEPRECATED_OBJC_IMPLEMENTATIONS = YES;
				CLANG_WARN_DIRECT_OBJC_ISA_USAGE = YES_ERROR;
				CLANG_WARN_DOCUMENTATION_COMMENTS = YES;
				CLANG_WARN_EMPTY_BODY = YES;
				CLANG_WARN_ENUM_CONVERSION = YES;
				CLANG_WARN_INFINITE_RECURSION = YES;
				CLANG_WARN_INT_CONVERSION = YES;
				CLANG_WARN_NON_LITERAL_NULL_CONVERSION = YES;
				CLANG_WARN_OBJC_IMPLICIT_RETAIN_SELF = YES;
				CLANG_WARN_OBJC_LITERAL_CONVERSION = YES;
				CLANG_WARN_OBJC_ROOT_CLASS = YES_ERROR;
				CLANG_WARN_RANGE_LOOP_ANALYSIS = YES;
				CLANG_WARN_STRICT_PROTOTYPES = YES;
				CLANG_WARN_SUSPICIOUS_MOVE = YES;
				CLANG_WARN_UNGUARDED_AVAILABILITY = YES_AGGRESSIVE;
				CLANG_WARN_UNREACHABLE_CODE = YES;
				CLANG_WARN__DUPLICATE_METHOD_MATCH = YES;
				CODE_SIGN_IDENTITY = "iPhone Developer";
				COPY_PHASE_STRIP = NO;
				DEBUG_INFORMATION_FORMAT = "dwarf-with-dsym";
				ENABLE_NS_ASSERTIONS = NO;
				ENABLE_STRICT_OBJC_MSGSEND = YES;
				GCC_C_LANGUAGE_STANDARD = gnu11;
				GCC_NO_COMMON_BLOCKS = YES;
				GCC_WARN_64_TO_32_BIT_CONVERSION = YES;
				GCC_WARN_ABOUT_RETURN_TYPE = YES_ERROR;
				GCC_WARN_UNDECLARED_SELECTOR = YES;
				GCC_WARN_UNINITIALIZED_AUTOS = YES_AGGRESSIVE;
				GCC_WARN_UNUSED_FUNCTION = YES;
				GCC_WARN_UNUSED_VARIABLE = YES;
				IPHONEOS_DEPLOYMENT_TARGET = 12.0;
				MTL_ENABLE_DEBUG_INFO = NO;
				MTL_FAST_MATH = YES;
				SDKROOT = iphoneos;
				SWIFT_COMPILATION_MODE = wholemodule;
				SWIFT_OPTIMIZATION_LEVEL = "-O";
				VALIDATE_PRODUCT = YES;
			};
			name = Release;
		};
		8D31142121E5106100F34282 /* Debug */ = {
			isa = XCBuildConfiguration;
			buildSettings = {
				ASSETCATALOG_COMPILER_APPICON_NAME = AppIcon;
				CODE_SIGN_STYLE = Automatic;
				INFOPLIST_FILE = Sonidos/Info.plist;
				LD_RUNPATH_SEARCH_PATHS = (
					"$(inherited)",
					"@executable_path/Frameworks",
				);
				PRODUCT_BUNDLE_IDENTIFIER = com.example.Sonidos;
				PRODUCT_NAME = "$(TARGET_NAME)";
				SWIFT_VERSION = 4.2;
				TARGETED_DEVICE_FAMILY = "1,2";
			};
			name = Debug;
		};
		8D31142221E5106100F34282 /* Release */ = {
			isa = XCBuildConfiguration;
			buildSettings = {
				ASSETCATALOG_COMPILER_APPICON_NAME = AppIcon;
				CODE_SIGN_STYLE = Automatic;
				INFOPLIST_FILE = Sonidos/Info.plist;
				LD_RUNPATH_SEARCH_PATHS = (
					"$(inherited)",
					"@executable_path/Frameworks",
				);
				PRODUCT_BUNDLE_IDENTIFIER = com.example.Sonidos;
				PRODUCT_NAME = "$(TARGET_NAME)";
				SWIFT_VERSION = 4.2;
				TARGETED_DEVICE_FAMILY = "1,2";
			};
			name = Release;
		};
/* End XCBuildConfiguration section */

/* Begin XCConfigurationList section */
		8D31140921E5106100F34282 /* Build configuration list for PBXProject "Sonidos" */ = {
			isa = XCConfigurationList;
			buildConfigurations = (
				8D31141E21E5106100F34282 /* Debug */,
				8D31141F21E5106100F34282 /* Release */,
			);
			defaultConfigurationIsVisible = 0;
			defaultConfigurationName = Release;
		};
		8D31142021E5106100F34282 /* Build configuration list for PBXNativeTarget "Sonidos" */ = {
			isa = XCConfigurationList;
			buildConfigurations = (
				8D31142121E5106100F34282 /* Debug */,
				8D31142221E5106100F34282 /* Release */,
			);
			defaultConfigurationIsVisible = 0;
			defaultConfigurationName = Release;
		};
/* End XCConfigurationList section */
	};
	rootObject = 8D31140621E5106100F34282 /* Project object */;
}
